{
  "pins" : [
    {
      "identity" : "crcswift",
      "kind" : "remoteSourceControl",
      "location" : "https://github.com/ivanesik/CrcSwift.git",
      "state" : {
        "revision" : "bb2fff7fb79815fad0528da71c9168d570bfc76c",
        "version" : "0.0.3"
      }
    }
  ],
  "version" : 2
}
