// !$*UTF8*$!
{
	archiveVersion = 1;
	classes = {
	};
	objectVersion = 46;
	objects = {

/* Begin PBXBuildFile section */
		58603AE5273B21227998B58D /* ModSwift.swift in Sources */ = {isa = PBXBuildFile; fileRef = 58603087D792F251503FE14F /* ModSwift.swift */; };
		8439436D20F9EEA200146184 /* Model.swift in Sources */ = {isa = PBXBuildFile; fileRef = 8439436C20F9EEA200146184 /* Model.swift */; };
		8439436F20F9EEAC00146184 /* ModSwiftRtuTest.swift in Sources */ = {isa = PBXBuildFile; fileRef = 8439436E20F9EEAC00146184 /* ModSwiftRtuTest.swift */; };
		843B4E6C20EDDC2E00965421 /* ModSwiftTcpTest.swift in Sources */ = {isa = PBXBuildFile; fileRef = 843B4E6B20EDDC2E00965421 /* ModSwiftTcpTest.swift */; };
		843B4E6E20EDDC2E00965421 /* libModSwift.a in Frameworks */ = {isa = PBXBuildFile; fileRef = 586030A215EC6361DDB57930 /* libModSwift.a */; };
		843B4E8320EDE70B00965421 /* ModSwiftSharedTests.swift in Sources */ = {isa = PBXBuildFile; fileRef = 843B4E8220EDE70B00965421 /* ModSwiftSharedTests.swift */; };
/* End PBXBuildFile section */

/* Begin PBXContainerItemProxy section */
		843B4E6F20EDDC2E00965421 /* PBXContainerItemProxy */ = {
			isa = PBXContainerItemProxy;
			containerPortal = 586036958B3C96BBD298CC4C /* Project object */;
			proxyType = 1;
			remoteGlobalIDString = 5860385B6E1D3F0A45AEC5E9;
			remoteInfo = ModSwift;
		};
/* End PBXContainerItemProxy section */

/* Begin PBXCopyFilesBuildPhase section */
		5860374905045297649BDB7E /* CopyFiles */ = {
			isa = PBXCopyFilesBuildPhase;
			buildActionMask = 2147483647;
			dstPath = "include/$(PRODUCT_NAME)";
			dstSubfolderSpec = 16;
			files = (
			);
			runOnlyForDeploymentPostprocessing = 0;
		};
/* End PBXCopyFilesBuildPhase section */

/* Begin PBXFileReference section */
		58603087D792F251503FE14F /* ModSwift.swift */ = {isa = PBXFileReference; lastKnownFileType = sourcecode.swift; path = ModSwift.swift; sourceTree = "<group>"; };
		586030A215EC6361DDB57930 /* libModSwift.a */ = {isa = PBXFileReference; explicitFileType = archive.ar; includeInIndex = 0; path = libModSwift.a; sourceTree = BUILT_PRODUCTS_DIR; };
		8439436C20F9EEA200146184 /* Model.swift */ = {isa = PBXFileReference; fileEncoding = 4; lastKnownFileType = sourcecode.swift; path = Model.swift; sourceTree = "<group>"; };
		8439436E20F9EEAC00146184 /* ModSwiftRtuTest.swift */ = {isa = PBXFileReference; fileEncoding = 4; lastKnownFileType = sourcecode.swift; path = ModSwiftRtuTest.swift; sourceTree = "<group>"; };
		843B4E6920EDDC2E00965421 /* ModSwiftTest.xctest */ = {isa = PBXFileReference; explicitFileType = wrapper.cfbundle; includeInIndex = 0; path = ModSwiftTest.xctest; sourceTree = BUILT_PRODUCTS_DIR; };
		843B4E6B20EDDC2E00965421 /* ModSwiftTcpTest.swift */ = {isa = PBXFileReference; lastKnownFileType = sourcecode.swift; path = ModSwiftTcpTest.swift; sourceTree = "<group>"; };
		843B4E6D20EDDC2E00965421 /* Info.plist */ = {isa = PBXFileReference; lastKnownFileType = text.plist.xml; path = Info.plist; sourceTree = "<group>"; };
		843B4E8220EDE70B00965421 /* ModSwiftSharedTests.swift */ = {isa = PBXFileReference; lastKnownFileType = sourcecode.swift; path = ModSwiftSharedTests.swift; sourceTree = "<group>"; };
		8499D69320F60C920060112C /* README.md */ = {isa = PBXFileReference; fileEncoding = 4; lastKnownFileType = net.daringfireball.markdown; path = README.md; sourceTree = "<group>"; };
/* End PBXFileReference section */

/* Begin PBXFrameworksBuildPhase section */
		586031AFE908EE1ED52C46E0 /* Frameworks */ = {
			isa = PBXFrameworksBuildPhase;
			buildActionMask = 2147483647;
			files = (
			);
			runOnlyForDeploymentPostprocessing = 0;
		};
		843B4E6620EDDC2E00965421 /* Frameworks */ = {
			isa = PBXFrameworksBuildPhase;
			buildActionMask = 2147483647;
			files = (
				843B4E6E20EDDC2E00965421 /* libModSwift.a in Frameworks */,
			);
			runOnlyForDeploymentPostprocessing = 0;
		};
/* End PBXFrameworksBuildPhase section */

/* Begin PBXGroup section */
		586034764B2102C8978B30D4 /* Products */ = {
			isa = PBXGroup;
			children = (
				586030A215EC6361DDB57930 /* libModSwift.a */,
				843B4E6920EDDC2E00965421 /* ModSwiftTest.xctest */,
			);
			name = Products;
			sourceTree = "<group>";
		};
		586034D8915A8A660319F3D6 /* ModSwift */ = {
			isa = PBXGroup;
			children = (
				8439436C20F9EEA200146184 /* Model.swift */,
				58603087D792F251503FE14F /* ModSwift.swift */,
			);
			path = ModSwift;
			sourceTree = "<group>";
		};
		58603BB379B394F8059631DA = {
			isa = PBXGroup;
			children = (
				8499D69320F60C920060112C /* README.md */,
				586034764B2102C8978B30D4 /* Products */,
				586034D8915A8A660319F3D6 /* ModSwift */,
				843B4E6A20EDDC2E00965421 /* ModSwiftTest */,
			);
			sourceTree = "<group>";
		};
		843B4E6A20EDDC2E00965421 /* ModSwiftTest */ = {
			isa = PBXGroup;
			children = (
				8439436E20F9EEAC00146184 /* ModSwiftRtuTest.swift */,
				843B4E8220EDE70B00965421 /* ModSwiftSharedTests.swift */,
				843B4E6B20EDDC2E00965421 /* ModSwiftTcpTest.swift */,
				843B4E6D20EDDC2E00965421 /* Info.plist */,
			);
			path = ModSwiftTest;
			sourceTree = "<group>";
		};
/* End PBXGroup section */

/* Begin PBXNativeTarget section */
		5860385B6E1D3F0A45AEC5E9 /* ModSwift */ = {
			isa = PBXNativeTarget;
			buildConfigurationList = 58603CFB19E658A15EFF1DE3 /* Build configuration list for PBXNativeTarget "ModSwift" */;
			buildPhases = (
				586037FC172F319644AC63D7 /* Sources */,
				586031AFE908EE1ED52C46E0 /* Frameworks */,
				5860374905045297649BDB7E /* CopyFiles */,
			);
			buildRules = (
			);
			dependencies = (
			);
			name = ModSwift;
			productName = ModSwift;
			productReference = 586030A215EC6361DDB57930 /* libModSwift.a */;
			productType = "com.apple.product-type.library.static";
		};
		843B4E6820EDDC2E00965421 /* ModSwiftTest */ = {
			isa = PBXNativeTarget;
			buildConfigurationList = 843B4E7320EDDC2E00965421 /* Build configuration list for PBXNativeTarget "ModSwiftTest" */;
			buildPhases = (
				843B4E6520EDDC2E00965421 /* Sources */,
				843B4E6620EDDC2E00965421 /* Frameworks */,
				843B4E6720EDDC2E00965421 /* Resources */,
			);
			buildRules = (
			);
			dependencies = (
				843B4E7020EDDC2E00965421 /* PBXTargetDependency */,
			);
			name = ModSwiftTest;
			productName = ModSwiftTest;
			productReference = 843B4E6920EDDC2E00965421 /* ModSwiftTest.xctest */;
			productType = "com.apple.product-type.bundle.unit-test";
		};
/* End PBXNativeTarget section */

/* Begin PBXProject section */
		586036958B3C96BBD298CC4C /* Project object */ = {
			isa = PBXProject;
			attributes = {
				LastSwiftUpdateCheck = 0940;
				ORGANIZATIONNAME = "Ivan Elyoskin";
				TargetAttributes = {
					843B4E6820EDDC2E00965421 = {
						CreatedOnToolsVersion = 9.4;
						DevelopmentTeam = Y58337NXE2;
						ProvisioningStyle = Automatic;
					};
				};
			};
			buildConfigurationList = 58603D13BEA65649DF7F598A /* Build configuration list for PBXProject "ModSwift" */;
			compatibilityVersion = "Xcode 3.2";
			developmentRegion = English;
			hasScannedForEncodings = 0;
			knownRegions = (
				en,
			);
			mainGroup = 58603BB379B394F8059631DA;
			productRefGroup = 586034764B2102C8978B30D4 /* Products */;
			projectDirPath = "";
			projectRoot = "";
			targets = (
				5860385B6E1D3F0A45AEC5E9 /* ModSwift */,
				843B4E6820EDDC2E00965421 /* ModSwiftTest */,
			);
		};
/* End PBXProject section */

/* Begin PBXResourcesBuildPhase section */
		843B4E6720EDDC2E00965421 /* Resources */ = {
			isa = PBXResourcesBuildPhase;
			buildActionMask = 2147483647;
			files = (
			);
			runOnlyForDeploymentPostprocessing = 0;
		};
/* End PBXResourcesBuildPhase section */

/* Begin PBXSourcesBuildPhase section */
		586037FC172F319644AC63D7 /* Sources */ = {
			isa = PBXSourcesBuildPhase;
			buildActionMask = 2147483647;
			files = (
				58603AE5273B21227998B58D /* ModSwift.swift in Sources */,
				8439436D20F9EEA200146184 /* Model.swift in Sources */,
			);
			runOnlyForDeploymentPostprocessing = 0;
		};
		843B4E6520EDDC2E00965421 /* Sources */ = {
			isa = PBXSourcesBuildPhase;
			buildActionMask = 2147483647;
			files = (
				843B4E6C20EDDC2E00965421 /* ModSwiftTcpTest.swift in Sources */,
				843B4E8320EDE70B00965421 /* ModSwiftSharedTests.swift in Sources */,
				8439436F20F9EEAC00146184 /* ModSwiftRtuTest.swift in Sources */,
			);
			runOnlyForDeploymentPostprocessing = 0;
		};
/* End PBXSourcesBuildPhase section */

/* Begin PBXTargetDependency section */
		843B4E7020EDDC2E00965421 /* PBXTargetDependency */ = {
			isa = PBXTargetDependency;
			target = 5860385B6E1D3F0A45AEC5E9 /* ModSwift */;
			targetProxy = 843B4E6F20EDDC2E00965421 /* PBXContainerItemProxy */;
		};
/* End PBXTargetDependency section */

/* Begin XCBuildConfiguration section */
		58603510E57A6CAA203729FA /* Release */ = {
			isa = XCBuildConfiguration;
			buildSettings = {
				ALWAYS_SEARCH_USER_PATHS = NO;
				CLANG_ANALYZER_NONNULL = YES;
				CLANG_ANALYZER_NUMBER_OBJECT_CONVERSION = YES_AGGRESSIVE;
				CLANG_CXX_LANGUAGE_STANDARD = "gnu++14";
				CLANG_CXX_LIBRARY = "libc++";
				CLANG_ENABLE_MODULES = YES;
				CLANG_ENABLE_OBJC_ARC = YES;
				CLANG_ENABLE_OBJC_WEAK = YES;
				CLANG_WARN_BLOCK_CAPTURE_AUTORELEASING = YES;
				CLANG_WARN_BOOL_CONVERSION = YES;
				CLANG_WARN_COMMA = YES;
				CLANG_WARN_CONSTANT_CONVERSION = YES;
				CLANG_WARN_DEPRECATED_OBJC_IMPLEMENTATIONS = YES;
				CLANG_WARN_DIRECT_OBJC_ISA_USAGE = YES_ERROR;
				CLANG_WARN_DOCUMENTATION_COMMENTS = YES;
				CLANG_WARN_EMPTY_BODY = YES;
				CLANG_WARN_ENUM_CONVERSION = YES;
				CLANG_WARN_INFINITE_RECURSION = YES;
				CLANG_WARN_INT_CONVERSION = YES;
				CLANG_WARN_NON_LITERAL_NULL_CONVERSION = YES;
				CLANG_WARN_OBJC_IMPLICIT_RETAIN_SELF = YES;
				CLANG_WARN_OBJC_LITERAL_CONVERSION = YES;
				CLANG_WARN_OBJC_ROOT_CLASS = YES_ERROR;
				CLANG_WARN_RANGE_LOOP_ANALYSIS = YES;
				CLANG_WARN_STRICT_PROTOTYPES = YES;
				CLANG_WARN_SUSPICIOUS_MOVE = YES;
				CLANG_WARN_UNGUARDED_AVAILABILITY = YES_AGGRESSIVE;
				CLANG_WARN_UNREACHABLE_CODE = YES;
				CLANG_WARN__DUPLICATE_METHOD_MATCH = YES;
				CODE_SIGN_IDENTITY = "iPhone Developer";
				COPY_PHASE_STRIP = NO;
				DEBUG_INFORMATION_FORMAT = "dwarf-with-dsym";
				ENABLE_NS_ASSERTIONS = NO;
				ENABLE_STRICT_OBJC_MSGSEND = YES;
				GCC_C_LANGUAGE_STANDARD = gnu11;
				GCC_NO_COMMON_BLOCKS = YES;
				GCC_WARN_64_TO_32_BIT_CONVERSION = YES;
				GCC_WARN_ABOUT_RETURN_TYPE = YES_ERROR;
				GCC_WARN_UNDECLARED_SELECTOR = YES;
				GCC_WARN_UNINITIALIZED_AUTOS = YES_AGGRESSIVE;
				GCC_WARN_UNUSED_FUNCTION = YES;
				GCC_WARN_UNUSED_VARIABLE = YES;
				IPHONEOS_DEPLOYMENT_TARGET = 11.4;
				MTL_ENABLE_DEBUG_INFO = NO;
				SDKROOT = iphoneos;
				SWIFT_OPTIMIZATION_LEVEL = "-Owholemodule";
				VALIDATE_PRODUCT = YES;
			};
			name = Release;
		};
		586039E95732D390D94EC9F3 /* Debug */ = {
			isa = XCBuildConfiguration;
			buildSettings = {
				OTHER_LDFLAGS = "-ObjC";
				PRODUCT_NAME = "$(TARGET_NAME)";
				SKIP_INSTALL = YES;
				SWIFT_VERSION = 4.0;
				TARGETED_DEVICE_FAMILY = "1,2";
			};
			name = Debug;
		};
		58603A342F18C11D5099CC12 /* Debug */ = {
			isa = XCBuildConfiguration;
			buildSettings = {
				ALWAYS_SEARCH_USER_PATHS = NO;
				CLANG_ANALYZER_NONNULL = YES;
				CLANG_ANALYZER_NUMBER_OBJECT_CONVERSION = YES_AGGRESSIVE;
				CLANG_CXX_LANGUAGE_STANDARD = "gnu++14";
				CLANG_CXX_LIBRARY = "libc++";
				CLANG_ENABLE_MODULES = YES;
				CLANG_ENABLE_OBJC_ARC = YES;
				CLANG_ENABLE_OBJC_WEAK = YES;
				CLANG_WARN_BLOCK_CAPTURE_AUTORELEASING = YES;
				CLANG_WARN_BOOL_CONVERSION = YES;
				CLANG_WARN_COMMA = YES;
				CLANG_WARN_CONSTANT_CONVERSION = YES;
				CLANG_WARN_DEPRECATED_OBJC_IMPLEMENTATIONS = YES;
				CLANG_WARN_DIRECT_OBJC_ISA_USAGE = YES_ERROR;
				CLANG_WARN_DOCUMENTATION_COMMENTS = YES;
				CLANG_WARN_EMPTY_BODY = YES;
				CLANG_WARN_ENUM_CONVERSION = YES;
				CLANG_WARN_INFINITE_RECURSION = YES;
				CLANG_WARN_INT_CONVERSION = YES;
				CLANG_WARN_NON_LITERAL_NULL_CONVERSION = YES;
				CLANG_WARN_OBJC_IMPLICIT_RETAIN_SELF = YES;
				CLANG_WARN_OBJC_LITERAL_CONVERSION = YES;
				CLANG_WARN_OBJC_ROOT_CLASS = YES_ERROR;
				CLANG_WARN_RANGE_LOOP_ANALYSIS = YES;
				CLANG_WARN_STRICT_PROTOTYPES = YES;
				CLANG_WARN_SUSPICIOUS_MOVE = YES;
				CLANG_WARN_UNGUARDED_AVAILABILITY = YES_AGGRESSIVE;
				CLANG_WARN_UNREACHABLE_CODE = YES;
				CLANG_WARN__DUPLICATE_METHOD_MATCH = YES;
				CODE_SIGN_IDENTITY = "iPhone Developer";
				COPY_PHASE_STRIP = NO;
				DEBUG_INFORMATION_FORMAT = dwarf;
				ENABLE_STRICT_OBJC_MSGSEND = YES;
				ENABLE_TESTABILITY = YES;
				GCC_C_LANGUAGE_STANDARD = gnu11;
				GCC_DYNAMIC_NO_PIC = NO;
				GCC_NO_COMMON_BLOCKS = YES;
				GCC_OPTIMIZATION_LEVEL = 0;
				GCC_PREPROCESSOR_DEFINITIONS = (
					"DEBUG=1",
					"$(inherited)",
				);
				GCC_WARN_64_TO_32_BIT_CONVERSION = YES;
				GCC_WARN_ABOUT_RETURN_TYPE = YES_ERROR;
				GCC_WARN_UNDECLARED_SELECTOR = YES;
				GCC_WARN_UNINITIALIZED_AUTOS = YES_AGGRESSIVE;
				GCC_WARN_UNUSED_FUNCTION = YES;
				GCC_WARN_UNUSED_VARIABLE = YES;
				IPHONEOS_DEPLOYMENT_TARGET = 11.4;
				MTL_ENABLE_DEBUG_INFO = YES;
				ONLY_ACTIVE_ARCH = YES;
				SDKROOT = iphoneos;
				SWIFT_ACTIVE_COMPILATION_CONDITIONS = DEBUG;
				SWIFT_OPTIMIZATION_LEVEL = "-Onone";
			};
			name = Debug;
		};
		58603ABE4933B8C35D847AB1 /* Release */ = {
			isa = XCBuildConfiguration;
			buildSettings = {
				OTHER_LDFLAGS = "-ObjC";
				PRODUCT_NAME = "$(TARGET_NAME)";
				SKIP_INSTALL = YES;
				SWIFT_VERSION = 4.0;
				TARGETED_DEVICE_FAMILY = "1,2";
			};
			name = Release;
		};
		843B4E7120EDDC2E00965421 /* Debug */ = {
			isa = XCBuildConfiguration;
			buildSettings = {
				CODE_SIGN_STYLE = Automatic;
				DEVELOPMENT_TEAM = Y58337NXE2;
				INFOPLIST_FILE = ModSwiftTest/Info.plist;
				LD_RUNPATH_SEARCH_PATHS = "$(inherited) @executable_path/Frameworks @loader_path/Frameworks";
				PRODUCT_BUNDLE_IDENTIFIER = temp.ModSwiftTest;
				PRODUCT_NAME = "$(TARGET_NAME)";
				SWIFT_VERSION = 4.0;
				TARGETED_DEVICE_FAMILY = "1,2";
			};
			name = Debug;
		};
		843B4E7220EDDC2E00965421 /* Release */ = {
			isa = XCBuildConfiguration;
			buildSettings = {
				CODE_SIGN_STYLE = Automatic;
				DEVELOPMENT_TEAM = Y58337NXE2;
				INFOPLIST_FILE = ModSwiftTest/Info.plist;
				LD_RUNPATH_SEARCH_PATHS = "$(inherited) @executable_path/Frameworks @loader_path/Frameworks";
				PRODUCT_BUNDLE_IDENTIFIER = temp.ModSwiftTest;
				PRODUCT_NAME = "$(TARGET_NAME)";
				SWIFT_VERSION = 4.0;
				TARGETED_DEVICE_FAMILY = "1,2";
			};
			name = Release;
		};
/* End XCBuildConfiguration section */

/* Begin XCConfigurationList section */
		58603CFB19E658A15EFF1DE3 /* Build configuration list for PBXNativeTarget "ModSwift" */ = {
			isa = XCConfigurationList;
			buildConfigurations = (
				586039E95732D390D94EC9F3 /* Debug */,
				58603ABE4933B8C35D847AB1 /* Release */,
			);
			defaultConfigurationIsVisible = 0;
			defaultConfigurationName = Release;
		};
		58603D13BEA65649DF7F598A /* Build configuration list for PBXProject "ModSwift" */ = {
			isa = XCConfigurationList;
			buildConfigurations = (
				58603A342F18C11D5099CC12 /* Debug */,
				58603510E57A6CAA203729FA /* Release */,
			);
			defaultConfigurationIsVisible = 0;
			defaultConfigurationName = Release;
		};
		843B4E7320EDDC2E00965421 /* Build configuration list for PBXNativeTarget "ModSwiftTest" */ = {
			isa = XCConfigurationList;
			buildConfigurations = (
				843B4E7120EDDC2E00965421 /* Debug */,
				843B4E7220EDDC2E00965421 /* Release */,
			);
			defaultConfigurationIsVisible = 0;
			defaultConfigurationName = Release;
		};
/* End XCConfigurationList section */
	};
	rootObject = 586036958B3C96BBD298CC4C /* Project object */;
}
